
Microsoft Visual Studio Solution File, Format Version 12.00
Project("{FAE04EC0-301F-11D3-BF4B-00C04F79EFBC}") = "BlowWaterBot", "BlowWaterBot\BlowWaterBot.csproj", "{31058439-0CD6-4BF1-A083-12776066B1EE}"
EndProject
Project("{FAE04EC0-301F-11D3-BF4B-00C04F79EFBC}") = "CuteNoisesBot", "CuteNoisesBot\CuteNoisesBot.csproj", "{BF4C9412-4AF5-4623-8265-975945ED9AF0}"
EndProject
Project("{FAE04EC0-301F-11D3-BF4B-00C04F79EFBC}") = "NovaBot", "NovaBot\NovaBot.csproj", "{20654D85-7121-44D1-B789-E4C41D06D6F5}"
EndProject
Project("{FAE04EC0-301F-11D3-BF4B-00C04F79EFBC}") = "HololivePlaySound", "HololivePlaySound\HololivePlaySound.csproj", "{BBE74C91-B86C-4E7A-8DB2-4F53C9CDD9CC}"
EndProject
Project("{FAE04EC0-301F-11D3-BF4B-00C04F79EFBC}") = "AudioLibrary", "AudioLibrary\AudioLibrary.csproj", "{653A8AE0-6B47-407D-AC1B-FAF1CEFD322D}"
EndProject
Global
	GlobalSection(SolutionConfigurationPlatforms) = preSolution
		Debug|Any CPU = Debug|Any CPU
		Release|Any CPU = Release|Any CPU
	EndGlobalSection
	GlobalSection(ProjectConfigurationPlatforms) = postSolution
		{31058439-0CD6-4BF1-A083-12776066B1EE}.Debug|Any CPU.ActiveCfg = Debug|Any CPU
		{31058439-0CD6-4BF1-A083-12776066B1EE}.Release|Any CPU.ActiveCfg = Release|Any CPU
		{31058439-0CD6-4BF1-A083-12776066B1EE}.Release|Any CPU.Build.0 = Release|Any CPU
		{BF4C9412-4AF5-4623-8265-975945ED9AF0}.Debug|Any CPU.ActiveCfg = Debug|Any CPU
		{BF4C9412-4AF5-4623-8265-975945ED9AF0}.Debug|Any CPU.Build.0 = Debug|Any CPU
		{BF4C9412-4AF5-4623-8265-975945ED9AF0}.Release|Any CPU.ActiveCfg = Release|Any CPU
		{BF4C9412-4AF5-4623-8265-975945ED9AF0}.Release|Any CPU.Build.0 = Release|Any CPU
		{BF4C9412-4AF5-4623-8265-975945ED9AF0}.Release|Any CPU.Deploy.0 = Release|Any CPU
		{20654D85-7121-44D1-B789-E4C41D06D6F5}.Debug|Any CPU.ActiveCfg = Debug|Any CPU
		{20654D85-7121-44D1-B789-E4C41D06D6F5}.Release|Any CPU.ActiveCfg = Release|Any CPU
		{BBE74C91-B86C-4E7A-8DB2-4F53C9CDD9CC}.Debug|Any CPU.ActiveCfg = Debug|Any CPU
		{BBE74C91-B86C-4E7A-8DB2-4F53C9CDD9CC}.Debug|Any CPU.Build.0 = Debug|Any CPU
		{BBE74C91-B86C-4E7A-8DB2-4F53C9CDD9CC}.Release|Any CPU.ActiveCfg = Release|Any CPU
		{BBE74C91-B86C-4E7A-8DB2-4F53C9CDD9CC}.Release|Any CPU.Build.0 = Release|Any CPU
		{BBE74C91-B86C-4E7A-8DB2-4F53C9CDD9CC}.Release|Any CPU.Deploy.0 = Release|Any CPU
		{653A8AE0-6B47-407D-AC1B-FAF1CEFD322D}.Debug|Any CPU.ActiveCfg = Debug|Any CPU
		{653A8AE0-6B47-407D-AC1B-FAF1CEFD322D}.Debug|Any CPU.Build.0 = Debug|Any CPU
		{653A8AE0-6B47-407D-AC1B-FAF1CEFD322D}.Release|Any CPU.ActiveCfg = Release|Any CPU
		{653A8AE0-6B47-407D-AC1B-FAF1CEFD322D}.Release|Any CPU.Build.0 = Release|Any CPU
	EndGlobalSection
EndGlobal
